// !$*UTF8*$!
{
	archiveVersion = 1;
	classes = {
	};
	objectVersion = 50;
	objects = {

/* Begin PBXBuildFile section */
		74367D91516A1BD83D11544F /* Pods_Project_ssrUITests.framework in Frameworks */ = {isa = PBXBuildFile; fileRef = 89C78A0FFDBC3F0D5DD689F9 /* Pods_Project_ssrUITests.framework */; };
		84A361D7E4F1EA33484F06A3 /* Pods_Project_ssr.framework in Frameworks */ = {isa = PBXBuildFile; fileRef = 02D05A80C3DFA3DE49E08FBF /* Pods_Project_ssr.framework */; };
		BE0D11B8212A474100D3C2B7 /* AppDelegate.swift in Sources */ = {isa = PBXBuildFile; fileRef = BE0D11B7212A474100D3C2B7 /* AppDelegate.swift */; };
		BE0D11BA212A474100D3C2B7 /* ViewController.swift in Sources */ = {isa = PBXBuildFile; fileRef = BE0D11B9212A474100D3C2B7 /* ViewController.swift */; };
		BE0D11BD212A474100D3C2B7 /* Main.storyboard in Resources */ = {isa = PBXBuildFile; fileRef = BE0D11BB212A474100D3C2B7 /* Main.storyboard */; };
		BE0D11BF212A474200D3C2B7 /* Assets.xcassets in Resources */ = {isa = PBXBuildFile; fileRef = BE0D11BE212A474200D3C2B7 /* Assets.xcassets */; };
		BE0D11C2212A474200D3C2B7 /* LaunchScreen.storyboard in Resources */ = {isa = PBXBuildFile; fileRef = BE0D11C0212A474200D3C2B7 /* LaunchScreen.storyboard */; };
		BE0D11CD212A474200D3C2B7 /* Project_ssrTests.swift in Sources */ = {isa = PBXBuildFile; fileRef = BE0D11CC212A474200D3C2B7 /* Project_ssrTests.swift */; };
		BE0D11D8212A474200D3C2B7 /* Project_ssrUITests.swift in Sources */ = {isa = PBXBuildFile; fileRef = BE0D11D7212A474200D3C2B7 /* Project_ssrUITests.swift */; };
		BE5B5F4E2134FC2300A0C297 /* CostomTableViewCell.swift in Sources */ = {isa = PBXBuildFile; fileRef = BE5B5F4D2134FC2300A0C297 /* CostomTableViewCell.swift */; };
		BEBF1D19212D25AA00B2B205 /* menuViewController.swift in Sources */ = {isa = PBXBuildFile; fileRef = BEBF1D18212D25AA00B2B205 /* menuViewController.swift */; };
		E0171A03937497E4096EECA5 /* Pods_Project_ssrTests.framework in Frameworks */ = {isa = PBXBuildFile; fileRef = 1BE65189C1F2C7E65C9B7795 /* Pods_Project_ssrTests.framework */; };
/* End PBXBuildFile section */

/* Begin PBXContainerItemProxy section */
		BE0D11C9212A474200D3C2B7 /* PBXContainerItemProxy */ = {
			isa = PBXContainerItemProxy;
			containerPortal = BE0D11AC212A474100D3C2B7 /* Project object */;
			proxyType = 1;
			remoteGlobalIDString = BE0D11B3212A474100D3C2B7;
			remoteInfo = Project_ssr;
		};
		BE0D11D4212A474200D3C2B7 /* PBXContainerItemProxy */ = {
			isa = PBXContainerItemProxy;
			containerPortal = BE0D11AC212A474100D3C2B7 /* Project object */;
			proxyType = 1;
			remoteGlobalIDString = BE0D11B3212A474100D3C2B7;
			remoteInfo = Project_ssr;
		};
/* End PBXContainerItemProxy section */

/* Begin PBXFileReference section */
		02D05A80C3DFA3DE49E08FBF /* Pods_Project_ssr.framework */ = {isa = PBXFileReference; explicitFileType = wrapper.framework; includeInIndex = 0; path = Pods_Project_ssr.framework; sourceTree = BUILT_PRODUCTS_DIR; };
		1BE65189C1F2C7E65C9B7795 /* Pods_Project_ssrTests.framework */ = {isa = PBXFileReference; explicitFileType = wrapper.framework; includeInIndex = 0; path = Pods_Project_ssrTests.framework; sourceTree = BUILT_PRODUCTS_DIR; };
		7573CE0F326771C62F01949C /* Pods-Project_ssrTests.release.xcconfig */ = {isa = PBXFileReference; includeInIndex = 1; lastKnownFileType = text.xcconfig; name = "Pods-Project_ssrTests.release.xcconfig"; path = "Pods/Target Support Files/Pods-Project_ssrTests/Pods-Project_ssrTests.release.xcconfig"; sourceTree = "<group>"; };
		89C78A0FFDBC3F0D5DD689F9 /* Pods_Project_ssrUITests.framework */ = {isa = PBXFileReference; explicitFileType = wrapper.framework; includeInIndex = 0; path = Pods_Project_ssrUITests.framework; sourceTree = BUILT_PRODUCTS_DIR; };
		B5E51DBDD1F9E954F6AF73C3 /* Pods-Project_ssrTests.debug.xcconfig */ = {isa = PBXFileReference; includeInIndex = 1; lastKnownFileType = text.xcconfig; name = "Pods-Project_ssrTests.debug.xcconfig"; path = "Pods/Target Support Files/Pods-Project_ssrTests/Pods-Project_ssrTests.debug.xcconfig"; sourceTree = "<group>"; };
		BE0D11B4212A474100D3C2B7 /* Project_ssr.app */ = {isa = PBXFileReference; explicitFileType = wrapper.application; includeInIndex = 0; path = Project_ssr.app; sourceTree = BUILT_PRODUCTS_DIR; };
		BE0D11B7212A474100D3C2B7 /* AppDelegate.swift */ = {isa = PBXFileReference; lastKnownFileType = sourcecode.swift; path = AppDelegate.swift; sourceTree = "<group>"; };
		BE0D11B9212A474100D3C2B7 /* ViewController.swift */ = {isa = PBXFileReference; lastKnownFileType = sourcecode.swift; path = ViewController.swift; sourceTree = "<group>"; };
		BE0D11BC212A474100D3C2B7 /* Base */ = {isa = PBXFileReference; lastKnownFileType = file.storyboard; name = Base; path = Base.lproj/Main.storyboard; sourceTree = "<group>"; };
		BE0D11BE212A474200D3C2B7 /* Assets.xcassets */ = {isa = PBXFileReference; lastKnownFileType = folder.assetcatalog; path = Assets.xcassets; sourceTree = "<group>"; };
		BE0D11C1212A474200D3C2B7 /* Base */ = {isa = PBXFileReference; lastKnownFileType = file.storyboard; name = Base; path = Base.lproj/LaunchScreen.storyboard; sourceTree = "<group>"; };
		BE0D11C3212A474200D3C2B7 /* Info.plist */ = {isa = PBXFileReference; lastKnownFileType = text.plist.xml; path = Info.plist; sourceTree = "<group>"; };
		BE0D11C8212A474200D3C2B7 /* Project_ssrTests.xctest */ = {isa = PBXFileReference; explicitFileType = wrapper.cfbundle; includeInIndex = 0; path = Project_ssrTests.xctest; sourceTree = BUILT_PRODUCTS_DIR; };
		BE0D11CC212A474200D3C2B7 /* Project_ssrTests.swift */ = {isa = PBXFileReference; lastKnownFileType = sourcecode.swift; path = Project_ssrTests.swift; sourceTree = "<group>"; };
		BE0D11CE212A474200D3C2B7 /* Info.plist */ = {isa = PBXFileReference; lastKnownFileType = text.plist.xml; path = Info.plist; sourceTree = "<group>"; };
		BE0D11D3212A474200D3C2B7 /* Project_ssrUITests.xctest */ = {isa = PBXFileReference; explicitFileType = wrapper.cfbundle; includeInIndex = 0; path = Project_ssrUITests.xctest; sourceTree = BUILT_PRODUCTS_DIR; };
		BE0D11D7212A474200D3C2B7 /* Project_ssrUITests.swift */ = {isa = PBXFileReference; lastKnownFileType = sourcecode.swift; path = Project_ssrUITests.swift; sourceTree = "<group>"; };
		BE0D11D9212A474200D3C2B7 /* Info.plist */ = {isa = PBXFileReference; lastKnownFileType = text.plist.xml; path = Info.plist; sourceTree = "<group>"; };
		BE5B5F4D2134FC2300A0C297 /* CostomTableViewCell.swift */ = {isa = PBXFileReference; lastKnownFileType = sourcecode.swift; path = CostomTableViewCell.swift; sourceTree = "<group>"; };
		BEBF1D18212D25AA00B2B205 /* menuViewController.swift */ = {isa = PBXFileReference; lastKnownFileType = sourcecode.swift; path = menuViewController.swift; sourceTree = "<group>"; };
		C4485755EBD8CC796B680F70 /* Pods-Project_ssrUITests.release.xcconfig */ = {isa = PBXFileReference; includeInIndex = 1; lastKnownFileType = text.xcconfig; name = "Pods-Project_ssrUITests.release.xcconfig"; path = "Pods/Target Support Files/Pods-Project_ssrUITests/Pods-Project_ssrUITests.release.xcconfig"; sourceTree = "<group>"; };
		D7369CBFCEE4D37616210E24 /* Pods-Project_ssrUITests.debug.xcconfig */ = {isa = PBXFileReference; includeInIndex = 1; lastKnownFileType = text.xcconfig; name = "Pods-Project_ssrUITests.debug.xcconfig"; path = "Pods/Target Support Files/Pods-Project_ssrUITests/Pods-Project_ssrUITests.debug.xcconfig"; sourceTree = "<group>"; };
		D939A201DCEF595D4FD47A44 /* Pods-Project_ssr.debug.xcconfig */ = {isa = PBXFileReference; includeInIndex = 1; lastKnownFileType = text.xcconfig; name = "Pods-Project_ssr.debug.xcconfig"; path = "Pods/Target Support Files/Pods-Project_ssr/Pods-Project_ssr.debug.xcconfig"; sourceTree = "<group>"; };
		DAC51DFC947FE45D7AE53CF5 /* Pods-Project_ssr.release.xcconfig */ = {isa = PBXFileReference; includeInIndex = 1; lastKnownFileType = text.xcconfig; name = "Pods-Project_ssr.release.xcconfig"; path = "Pods/Target Support Files/Pods-Project_ssr/Pods-Project_ssr.release.xcconfig"; sourceTree = "<group>"; };
/* End PBXFileReference section */

/* Begin PBXFrameworksBuildPhase section */
		BE0D11B1212A474100D3C2B7 /* Frameworks */ = {
			isa = PBXFrameworksBuildPhase;
			buildActionMask = 2147483647;
			files = (
				84A361D7E4F1EA33484F06A3 /* Pods_Project_ssr.framework in Frameworks */,
			);
			runOnlyForDeploymentPostprocessing = 0;
		};
		BE0D11C5212A474200D3C2B7 /* Frameworks */ = {
			isa = PBXFrameworksBuildPhase;
			buildActionMask = 2147483647;
			files = (
				E0171A03937497E4096EECA5 /* Pods_Project_ssrTests.framework in Frameworks */,
			);
			runOnlyForDeploymentPostprocessing = 0;
		};
		BE0D11D0212A474200D3C2B7 /* Frameworks */ = {
			isa = PBXFrameworksBuildPhase;
			buildActionMask = 2147483647;
			files = (
				74367D91516A1BD83D11544F /* Pods_Project_ssrUITests.framework in Frameworks */,
			);
			runOnlyForDeploymentPostprocessing = 0;
		};
/* End PBXFrameworksBuildPhase section */

/* Begin PBXGroup section */
		5130004C629F731898D3F13E /* Frameworks */ = {
			isa = PBXGroup;
			children = (
				02D05A80C3DFA3DE49E08FBF /* Pods_Project_ssr.framework */,
				1BE65189C1F2C7E65C9B7795 /* Pods_Project_ssrTests.framework */,
				89C78A0FFDBC3F0D5DD689F9 /* Pods_Project_ssrUITests.framework */,
			);
			name = Frameworks;
			sourceTree = "<group>";
		};
		6A63F3147A20128259855AAF /* Pods */ = {
			isa = PBXGroup;
			children = (
				D939A201DCEF595D4FD47A44 /* Pods-Project_ssr.debug.xcconfig */,
				DAC51DFC947FE45D7AE53CF5 /* Pods-Project_ssr.release.xcconfig */,
				B5E51DBDD1F9E954F6AF73C3 /* Pods-Project_ssrTests.debug.xcconfig */,
				7573CE0F326771C62F01949C /* Pods-Project_ssrTests.release.xcconfig */,
				D7369CBFCEE4D37616210E24 /* Pods-Project_ssrUITests.debug.xcconfig */,
				C4485755EBD8CC796B680F70 /* Pods-Project_ssrUITests.release.xcconfig */,
			);
			name = Pods;
			sourceTree = "<group>";
		};
		BE0D11AB212A474100D3C2B7 = {
			isa = PBXGroup;
			children = (
				BE0D11B6212A474100D3C2B7 /* Project_ssr */,
				BE0D11CB212A474200D3C2B7 /* Project_ssrTests */,
				BE0D11D6212A474200D3C2B7 /* Project_ssrUITests */,
				BE0D11B5212A474100D3C2B7 /* Products */,
				6A63F3147A20128259855AAF /* Pods */,
				5130004C629F731898D3F13E /* Frameworks */,
			);
			sourceTree = "<group>";
		};
		BE0D11B5212A474100D3C2B7 /* Products */ = {
			isa = PBXGroup;
			children = (
				BE0D11B4212A474100D3C2B7 /* Project_ssr.app */,
				BE0D11C8212A474200D3C2B7 /* Project_ssrTests.xctest */,
				BE0D11D3212A474200D3C2B7 /* Project_ssrUITests.xctest */,
			);
			name = Products;
			sourceTree = "<group>";
		};
		BE0D11B6212A474100D3C2B7 /* Project_ssr */ = {
			isa = PBXGroup;
			children = (
				BE0D11B7212A474100D3C2B7 /* AppDelegate.swift */,
				BE0D11B9212A474100D3C2B7 /* ViewController.swift */,
				BE0D11BB212A474100D3C2B7 /* Main.storyboard */,
				BE0D11BE212A474200D3C2B7 /* Assets.xcassets */,
				BEBF1D18212D25AA00B2B205 /* menuViewController.swift */,
				BE0D11C3212A474200D3C2B7 /* Info.plist */,
				BE0D11C0212A474200D3C2B7 /* LaunchScreen.storyboard */,
				BE5B5F4D2134FC2300A0C297 /* CostomTableViewCell.swift */,
			);
			path = Project_ssr;
			sourceTree = "<group>";
		};
		BE0D11CB212A474200D3C2B7 /* Project_ssrTests */ = {
			isa = PBXGroup;
			children = (
				BE0D11CC212A474200D3C2B7 /* Project_ssrTests.swift */,
				BE0D11CE212A474200D3C2B7 /* Info.plist */,
			);
			path = Project_ssrTests;
			sourceTree = "<group>";
		};
		BE0D11D6212A474200D3C2B7 /* Project_ssrUITests */ = {
			isa = PBXGroup;
			children = (
				BE0D11D7212A474200D3C2B7 /* Project_ssrUITests.swift */,
				BE0D11D9212A474200D3C2B7 /* Info.plist */,
			);
			path = Project_ssrUITests;
			sourceTree = "<group>";
		};
/* End PBXGroup section */

/* Begin PBXNativeTarget section */
		BE0D11B3212A474100D3C2B7 /* Project_ssr */ = {
			isa = PBXNativeTarget;
			buildConfigurationList = BE0D11DC212A474200D3C2B7 /* Build configuration list for PBXNativeTarget "Project_ssr" */;
			buildPhases = (
				EA7EEC8E07F6AF90B7E9725F /* [CP] Check Pods Manifest.lock */,
				BE0D11B0212A474100D3C2B7 /* Sources */,
				BE0D11B1212A474100D3C2B7 /* Frameworks */,
				BE0D11B2212A474100D3C2B7 /* Resources */,
				4C547722636723ECDE146BF9 /* [CP] Embed Pods Frameworks */,
			);
			buildRules = (
			);
			dependencies = (
			);
			name = Project_ssr;
			productName = Project_ssr;
			productReference = BE0D11B4212A474100D3C2B7 /* Project_ssr.app */;
			productType = "com.apple.product-type.application";
		};
		BE0D11C7212A474200D3C2B7 /* Project_ssrTests */ = {
			isa = PBXNativeTarget;
			buildConfigurationList = BE0D11DF212A474200D3C2B7 /* Build configuration list for PBXNativeTarget "Project_ssrTests" */;
			buildPhases = (
				F668173778A7A4CC3479BFD5 /* [CP] Check Pods Manifest.lock */,
				BE0D11C4212A474200D3C2B7 /* Sources */,
				BE0D11C5212A474200D3C2B7 /* Frameworks */,
				BE0D11C6212A474200D3C2B7 /* Resources */,
			);
			buildRules = (
			);
			dependencies = (
				BE0D11CA212A474200D3C2B7 /* PBXTargetDependency */,
			);
			name = Project_ssrTests;
			productName = Project_ssrTests;
			productReference = BE0D11C8212A474200D3C2B7 /* Project_ssrTests.xctest */;
			productType = "com.apple.product-type.bundle.unit-test";
		};
		BE0D11D2212A474200D3C2B7 /* Project_ssrUITests */ = {
			isa = PBXNativeTarget;
			buildConfigurationList = BE0D11E2212A474200D3C2B7 /* Build configuration list for PBXNativeTarget "Project_ssrUITests" */;
			buildPhases = (
				BB11AAAB0F32B644C2F4ED14 /* [CP] Check Pods Manifest.lock */,
				BE0D11CF212A474200D3C2B7 /* Sources */,
				BE0D11D0212A474200D3C2B7 /* Frameworks */,
				BE0D11D1212A474200D3C2B7 /* Resources */,
			);
			buildRules = (
			);
			dependencies = (
				BE0D11D5212A474200D3C2B7 /* PBXTargetDependency */,
			);
			name = Project_ssrUITests;
			productName = Project_ssrUITests;
			productReference = BE0D11D3212A474200D3C2B7 /* Project_ssrUITests.xctest */;
			productType = "com.apple.product-type.bundle.ui-testing";
		};
/* End PBXNativeTarget section */

/* Begin PBXProject section */
		BE0D11AC212A474100D3C2B7 /* Project object */ = {
			isa = PBXProject;
			attributes = {
				LastSwiftUpdateCheck = 0940;
				LastUpgradeCheck = 0940;
				ORGANIZATIONNAME = KM_TM;
				TargetAttributes = {
					BE0D11B3212A474100D3C2B7 = {
						CreatedOnToolsVersion = 9.4.1;
					};
					BE0D11C7212A474200D3C2B7 = {
						CreatedOnToolsVersion = 9.4.1;
						TestTargetID = BE0D11B3212A474100D3C2B7;
					};
					BE0D11D2212A474200D3C2B7 = {
						CreatedOnToolsVersion = 9.4.1;
						TestTargetID = BE0D11B3212A474100D3C2B7;
					};
				};
			};
			buildConfigurationList = BE0D11AF212A474100D3C2B7 /* Build configuration list for PBXProject "Project_ssr" */;
			compatibilityVersion = "Xcode 9.3";
			developmentRegion = en;
			hasScannedForEncodings = 0;
			knownRegions = (
				en,
				Base,
			);
			mainGroup = BE0D11AB212A474100D3C2B7;
			productRefGroup = BE0D11B5212A474100D3C2B7 /* Products */;
			projectDirPath = "";
			projectRoot = "";
			targets = (
				BE0D11B3212A474100D3C2B7 /* Project_ssr */,
				BE0D11C7212A474200D3C2B7 /* Project_ssrTests */,
				BE0D11D2212A474200D3C2B7 /* Project_ssrUITests */,
			);
		};
/* End PBXProject section */

/* Begin PBXResourcesBuildPhase section */
		BE0D11B2212A474100D3C2B7 /* Resources */ = {
			isa = PBXResourcesBuildPhase;
			buildActionMask = 2147483647;
			files = (
				BE0D11C2212A474200D3C2B7 /* LaunchScreen.storyboard in Resources */,
				BE0D11BF212A474200D3C2B7 /* Assets.xcassets in Resources */,
				BE0D11BD212A474100D3C2B7 /* Main.storyboard in Resources */,
			);
			runOnlyForDeploymentPostprocessing = 0;
		};
		BE0D11C6212A474200D3C2B7 /* Resources */ = {
			isa = PBXResourcesBuildPhase;
			buildActionMask = 2147483647;
			files = (
			);
			runOnlyForDeploymentPostprocessing = 0;
		};
		BE0D11D1212A474200D3C2B7 /* Resources */ = {
			isa = PBXResourcesBuildPhase;
			buildActionMask = 2147483647;
			files = (
			);
			runOnlyForDeploymentPostprocessing = 0;
		};
/* End PBXResourcesBuildPhase section */

/* Begin PBXShellScriptBuildPhase section */
		4C547722636723ECDE146BF9 /* [CP] Embed Pods Frameworks */ = {
			isa = PBXShellScriptBuildPhase;
			buildActionMask = 2147483647;
			files = (
			);
			inputPaths = (
				"${SRCROOT}/Pods/Target Support Files/Pods-Project_ssr/Pods-Project_ssr-frameworks.sh",
				"${BUILT_PRODUCTS_DIR}/Alamofire/Alamofire.framework",
				"${BUILT_PRODUCTS_DIR}/SideMenu/SideMenu.framework",
				"${BUILT_PRODUCTS_DIR}/SwiftSoup/SwiftSoup.framework",
				"${BUILT_PRODUCTS_DIR}/SwiftyJSON/SwiftyJSON.framework",
				"${BUILT_PRODUCTS_DIR}/Toast-Swift/Toast_Swift.framework",
			);
			name = "[CP] Embed Pods Frameworks";
			outputPaths = (
				"${TARGET_BUILD_DIR}/${FRAMEWORKS_FOLDER_PATH}/Alamofire.framework",
				"${TARGET_BUILD_DIR}/${FRAMEWORKS_FOLDER_PATH}/SideMenu.framework",
				"${TARGET_BUILD_DIR}/${FRAMEWORKS_FOLDER_PATH}/SwiftSoup.framework",
				"${TARGET_BUILD_DIR}/${FRAMEWORKS_FOLDER_PATH}/SwiftyJSON.framework",
				"${TARGET_BUILD_DIR}/${FRAMEWORKS_FOLDER_PATH}/Toast_Swift.framework",
			);
			runOnlyForDeploymentPostprocessing = 0;
			shellPath = /bin/sh;
			shellScript = "\"${SRCROOT}/Pods/Target Support Files/Pods-Project_ssr/Pods-Project_ssr-frameworks.sh\"\n";
			showEnvVarsInLog = 0;
		};
		BB11AAAB0F32B644C2F4ED14 /* [CP] Check Pods Manifest.lock */ = {
			isa = PBXShellScriptBuildPhase;
			buildActionMask = 2147483647;
			files = (
			);
			inputPaths = (
				"${PODS_PODFILE_DIR_PATH}/Podfile.lock",
				"${PODS_ROOT}/Manifest.lock",
			);
			name = "[CP] Check Pods Manifest.lock";
			outputPaths = (
				"$(DERIVED_FILE_DIR)/Pods-Project_ssrUITests-checkManifestLockResult.txt",
			);
			runOnlyForDeploymentPostprocessing = 0;
			shellPath = /bin/sh;
			shellScript = "diff \"${PODS_PODFILE_DIR_PATH}/Podfile.lock\" \"${PODS_ROOT}/Manifest.lock\" > /dev/null\nif [ $? != 0 ] ; then\n    # print error to STDERR\n    echo \"error: The sandbox is not in sync with the Podfile.lock. Run 'pod install' or update your CocoaPods installation.\" >&2\n    exit 1\nfi\n# This output is used by Xcode 'outputs' to avoid re-running this script phase.\necho \"SUCCESS\" > \"${SCRIPT_OUTPUT_FILE_0}\"\n";
			showEnvVarsInLog = 0;
		};
		EA7EEC8E07F6AF90B7E9725F /* [CP] Check Pods Manifest.lock */ = {
			isa = PBXShellScriptBuildPhase;
			buildActionMask = 2147483647;
			files = (
			);
			inputPaths = (
				"${PODS_PODFILE_DIR_PATH}/Podfile.lock",
				"${PODS_ROOT}/Manifest.lock",
			);
			name = "[CP] Check Pods Manifest.lock";
			outputPaths = (
				"$(DERIVED_FILE_DIR)/Pods-Project_ssr-checkManifestLockResult.txt",
			);
			runOnlyForDeploymentPostprocessing = 0;
			shellPath = /bin/sh;
			shellScript = "diff \"${PODS_PODFILE_DIR_PATH}/Podfile.lock\" \"${PODS_ROOT}/Manifest.lock\" > /dev/null\nif [ $? != 0 ] ; then\n    # print error to STDERR\n    echo \"error: The sandbox is not in sync with the Podfile.lock. Run 'pod install' or update your CocoaPods installation.\" >&2\n    exit 1\nfi\n# This output is used by Xcode 'outputs' to avoid re-running this script phase.\necho \"SUCCESS\" > \"${SCRIPT_OUTPUT_FILE_0}\"\n";
			showEnvVarsInLog = 0;
		};
		F668173778A7A4CC3479BFD5 /* [CP] Check Pods Manifest.lock */ = {
			isa = PBXShellScriptBuildPhase;
			buildActionMask = 2147483647;
			files = (
			);
			inputPaths = (
				"${PODS_PODFILE_DIR_PATH}/Podfile.lock",
				"${PODS_ROOT}/Manifest.lock",
			);
			name = "[CP] Check Pods Manifest.lock";
			outputPaths = (
				"$(DERIVED_FILE_DIR)/Pods-Project_ssrTests-checkManifestLockResult.txt",
			);
			runOnlyForDeploymentPostprocessing = 0;
			shellPath = /bin/sh;
			shellScript = "diff \"${PODS_PODFILE_DIR_PATH}/Podfile.lock\" \"${PODS_ROOT}/Manifest.lock\" > /dev/null\nif [ $? != 0 ] ; then\n    # print error to STDERR\n    echo \"error: The sandbox is not in sync with the Podfile.lock. Run 'pod install' or update your CocoaPods installation.\" >&2\n    exit 1\nfi\n# This output is used by Xcode 'outputs' to avoid re-running this script phase.\necho \"SUCCESS\" > \"${SCRIPT_OUTPUT_FILE_0}\"\n";
			showEnvVarsInLog = 0;
		};
/* End PBXShellScriptBuildPhase section */

/* Begin PBXSourcesBuildPhase section */
		BE0D11B0212A474100D3C2B7 /* Sources */ = {
			isa = PBXSourcesBuildPhase;
			buildActionMask = 2147483647;
			files = (
				BEBF1D19212D25AA00B2B205 /* menuViewController.swift in Sources */,
				BE5B5F4E2134FC2300A0C297 /* CostomTableViewCell.swift in Sources */,
				BE0D11BA212A474100D3C2B7 /* ViewController.swift in Sources */,
				BE0D11B8212A474100D3C2B7 /* AppDelegate.swift in Sources */,
			);
			runOnlyForDeploymentPostprocessing = 0;
		};
		BE0D11C4212A474200D3C2B7 /* Sources */ = {
			isa = PBXSourcesBuildPhase;
			buildActionMask = 2147483647;
			files = (
				BE0D11CD212A474200D3C2B7 /* Project_ssrTests.swift in Sources */,
			);
			runOnlyForDeploymentPostprocessing = 0;
		};
		BE0D11CF212A474200D3C2B7 /* Sources */ = {
			isa = PBXSourcesBuildPhase;
			buildActionMask = 2147483647;
			files = (
				BE0D11D8212A474200D3C2B7 /* Project_ssrUITests.swift in Sources */,
			);
			runOnlyForDeploymentPostprocessing = 0;
		};
/* End PBXSourcesBuildPhase section */

/* Begin PBXTargetDependency section */
		BE0D11CA212A474200D3C2B7 /* PBXTargetDependency */ = {
			isa = PBXTargetDependency;
			target = BE0D11B3212A474100D3C2B7 /* Project_ssr */;
			targetProxy = BE0D11C9212A474200D3C2B7 /* PBXContainerItemProxy */;
		};
		BE0D11D5212A474200D3C2B7 /* PBXTargetDependency */ = {
			isa = PBXTargetDependency;
			target = BE0D11B3212A474100D3C2B7 /* Project_ssr */;
			targetProxy = BE0D11D4212A474200D3C2B7 /* PBXContainerItemProxy */;
		};
/* End PBXTargetDependency section */

/* Begin PBXVariantGroup section */
		BE0D11BB212A474100D3C2B7 /* Main.storyboard */ = {
			isa = PBXVariantGroup;
			children = (
				BE0D11BC212A474100D3C2B7 /* Base */,
			);
			name = Main.storyboard;
			sourceTree = "<group>";
		};
		BE0D11C0212A474200D3C2B7 /* LaunchScreen.storyboard */ = {
			isa = PBXVariantGroup;
			children = (
				BE0D11C1212A474200D3C2B7 /* Base */,
			);
			name = LaunchScreen.storyboard;
			sourceTree = "<group>";
		};
/* End PBXVariantGroup section */

/* Begin XCBuildConfiguration section */
		BE0D11DA212A474200D3C2B7 /* Debug */ = {
			isa = XCBuildConfiguration;
			buildSettings = {
				ALWAYS_SEARCH_USER_PATHS = NO;
				CLANG_ANALYZER_NONNULL = YES;
				CLANG_ANALYZER_NUMBER_OBJECT_CONVERSION = YES_AGGRESSIVE;
				CLANG_CXX_LANGUAGE_STANDARD = "gnu++14";
				CLANG_CXX_LIBRARY = "libc++";
				CLANG_ENABLE_MODULES = YES;
				CLANG_ENABLE_OBJC_ARC = YES;
				CLANG_ENABLE_OBJC_WEAK = YES;
				CLANG_WARN_BLOCK_CAPTURE_AUTORELEASING = YES;
				CLANG_WARN_BOOL_CONVERSION = YES;
				CLANG_WARN_COMMA = YES;
				CLANG_WARN_CONSTANT_CONVERSION = YES;
				CLANG_WARN_DEPRECATED_OBJC_IMPLEMENTATIONS = YES;
				CLANG_WARN_DIRECT_OBJC_ISA_USAGE = YES_ERROR;
				CLANG_WARN_DOCUMENTATION_COMMENTS = YES;
				CLANG_WARN_EMPTY_BODY = YES;
				CLANG_WARN_ENUM_CONVERSION = YES;
				CLANG_WARN_INFINITE_RECURSION = YES;
				CLANG_WARN_INT_CONVERSION = YES;
				CLANG_WARN_NON_LITERAL_NULL_CONVERSION = YES;
				CLANG_WARN_OBJC_IMPLICIT_RETAIN_SELF = YES;
				CLANG_WARN_OBJC_LITERAL_CONVERSION = YES;
				CLANG_WARN_OBJC_ROOT_CLASS = YES_ERROR;
				CLANG_WARN_RANGE_LOOP_ANALYSIS = YES;
				CLANG_WARN_STRICT_PROTOTYPES = YES;
				CLANG_WARN_SUSPICIOUS_MOVE = YES;
				CLANG_WARN_UNGUARDED_AVAILABILITY = YES_AGGRESSIVE;
				CLANG_WARN_UNREACHABLE_CODE = YES;
				CLANG_WARN__DUPLICATE_METHOD_MATCH = YES;
				CODE_SIGN_IDENTITY = "iPhone Developer";
				COPY_PHASE_STRIP = NO;
				DEBUG_INFORMATION_FORMAT = dwarf;
				ENABLE_STRICT_OBJC_MSGSEND = YES;
				ENABLE_TESTABILITY = YES;
				GCC_C_LANGUAGE_STANDARD = gnu11;
				GCC_DYNAMIC_NO_PIC = NO;
				GCC_NO_COMMON_BLOCKS = YES;
				GCC_OPTIMIZATION_LEVEL = 0;
				GCC_PREPROCESSOR_DEFINITIONS = (
					"DEBUG=1",
					"$(inherited)",
				);
				GCC_WARN_64_TO_32_BIT_CONVERSION = YES;
				GCC_WARN_ABOUT_RETURN_TYPE = YES_ERROR;
				GCC_WARN_UNDECLARED_SELECTOR = YES;
				GCC_WARN_UNINITIALIZED_AUTOS = YES_AGGRESSIVE;
				GCC_WARN_UNUSED_FUNCTION = YES;
				GCC_WARN_UNUSED_VARIABLE = YES;
				IPHONEOS_DEPLOYMENT_TARGET = 11.4;
				MTL_ENABLE_DEBUG_INFO = YES;
				ONLY_ACTIVE_ARCH = YES;
				SDKROOT = iphoneos;
				SWIFT_ACTIVE_COMPILATION_CONDITIONS = DEBUG;
				SWIFT_OPTIMIZATION_LEVEL = "-Onone";
			};
			name = Debug;
		};
		BE0D11DB212A474200D3C2B7 /* Release */ = {
			isa = XCBuildConfiguration;
			buildSettings = {
				ALWAYS_SEARCH_USER_PATHS = NO;
				CLANG_ANALYZER_NONNULL = YES;
				CLANG_ANALYZER_NUMBER_OBJECT_CONVERSION = YES_AGGRESSIVE;
				CLANG_CXX_LANGUAGE_STANDARD = "gnu++14";
				CLANG_CXX_LIBRARY = "libc++";
				CLANG_ENABLE_MODULES = YES;
				CLANG_ENABLE_OBJC_ARC = YES;
				CLANG_ENABLE_OBJC_WEAK = YES;
				CLANG_WARN_BLOCK_CAPTURE_AUTORELEASING = YES;
				CLANG_WARN_BOOL_CONVERSION = YES;
				CLANG_WARN_COMMA = YES;
				CLANG_WARN_CONSTANT_CONVERSION = YES;
				CLANG_WARN_DEPRECATED_OBJC_IMPLEMENTATIONS = YES;
				CLANG_WARN_DIRECT_OBJC_ISA_USAGE = YES_ERROR;
				CLANG_WARN_DOCUMENTATION_COMMENTS = YES;
				CLANG_WARN_EMPTY_BODY = YES;
				CLANG_WARN_ENUM_CONVERSION = YES;
				CLANG_WARN_INFINITE_RECURSION = YES;
				CLANG_WARN_INT_CONVERSION = YES;
				CLANG_WARN_NON_LITERAL_NULL_CONVERSION = YES;
				CLANG_WARN_OBJC_IMPLICIT_RETAIN_SELF = YES;
				CLANG_WARN_OBJC_LITERAL_CONVERSION = YES;
				CLANG_WARN_OBJC_ROOT_CLASS = YES_ERROR;
				CLANG_WARN_RANGE_LOOP_ANALYSIS = YES;
				CLANG_WARN_STRICT_PROTOTYPES = YES;
				CLANG_WARN_SUSPICIOUS_MOVE = YES;
				CLANG_WARN_UNGUARDED_AVAILABILITY = YES_AGGRESSIVE;
				CLANG_WARN_UNREACHABLE_CODE = YES;
				CLANG_WARN__DUPLICATE_METHOD_MATCH = YES;
				CODE_SIGN_IDENTITY = "iPhone Developer";
				COPY_PHASE_STRIP = NO;
				DEBUG_INFORMATION_FORMAT = "dwarf-with-dsym";
				ENABLE_NS_ASSERTIONS = NO;
				ENABLE_STRICT_OBJC_MSGSEND = YES;
				GCC_C_LANGUAGE_STANDARD = gnu11;
				GCC_NO_COMMON_BLOCKS = YES;
				GCC_WARN_64_TO_32_BIT_CONVERSION = YES;
				GCC_WARN_ABOUT_RETURN_TYPE = YES_ERROR;
				GCC_WARN_UNDECLARED_SELECTOR = YES;
				GCC_WARN_UNINITIALIZED_AUTOS = YES_AGGRESSIVE;
				GCC_WARN_UNUSED_FUNCTION = YES;
				GCC_WARN_UNUSED_VARIABLE = YES;
				IPHONEOS_DEPLOYMENT_TARGET = 11.4;
				MTL_ENABLE_DEBUG_INFO = NO;
				SDKROOT = iphoneos;
				SWIFT_COMPILATION_MODE = wholemodule;
				SWIFT_OPTIMIZATION_LEVEL = "-O";
				VALIDATE_PRODUCT = YES;
			};
			name = Release;
		};
		BE0D11DD212A474200D3C2B7 /* Debug */ = {
			isa = XCBuildConfiguration;
			baseConfigurationReference = D939A201DCEF595D4FD47A44 /* Pods-Project_ssr.debug.xcconfig */;
			buildSettings = {
				ASSETCATALOG_COMPILER_APPICON_NAME = AppIcon;
				CODE_SIGN_STYLE = Manual;
				DEVELOPMENT_TEAM = "";
				INFOPLIST_FILE = Project_ssr/Info.plist;
				IPHONEOS_DEPLOYMENT_TARGET = 9.0;
				LD_RUNPATH_SEARCH_PATHS = (
					"$(inherited)",
					"@executable_path/Frameworks",
				);
				PRODUCT_BUNDLE_IDENTIFIER = "test.Project-ssr";
				PRODUCT_NAME = "$(TARGET_NAME)";
				PROVISIONING_PROFILE_SPECIFIER = "";
				SWIFT_VERSION = 4.0;
				TARGETED_DEVICE_FAMILY = "1,2";
			};
			name = Debug;
		};
		BE0D11DE212A474200D3C2B7 /* Release */ = {
			isa = XCBuildConfiguration;
			baseConfigurationReference = DAC51DFC947FE45D7AE53CF5 /* Pods-Project_ssr.release.xcconfig */;
			buildSettings = {
				ASSETCATALOG_COMPILER_APPICON_NAME = AppIcon;
				CODE_SIGN_STYLE = Manual;
				DEVELOPMENT_TEAM = "";
				INFOPLIST_FILE = Project_ssr/Info.plist;
				IPHONEOS_DEPLOYMENT_TARGET = 9.0;
				LD_RUNPATH_SEARCH_PATHS = (
					"$(inherited)",
					"@executable_path/Frameworks",
				);
				PRODUCT_BUNDLE_IDENTIFIER = "test.Project-ssr";
				PRODUCT_NAME = "$(TARGET_NAME)";
				PROVISIONING_PROFILE_SPECIFIER = "";
				SWIFT_VERSION = 4.0;
				TARGETED_DEVICE_FAMILY = "1,2";
			};
			name = Release;
		};
		BE0D11E0212A474200D3C2B7 /* Debug */ = {
			isa = XCBuildConfiguration;
			baseConfigurationReference = B5E51DBDD1F9E954F6AF73C3 /* Pods-Project_ssrTests.debug.xcconfig */;
			buildSettings = {
				ALWAYS_EMBED_SWIFT_STANDARD_LIBRARIES = YES;
				BUNDLE_LOADER = "$(TEST_HOST)";
				CODE_SIGN_STYLE = Automatic;
				INFOPLIST_FILE = Project_ssrTests/Info.plist;
				LD_RUNPATH_SEARCH_PATHS = (
					"$(inherited)",
					"@executable_path/Frameworks",
					"@loader_path/Frameworks",
				);
				PRODUCT_BUNDLE_IDENTIFIER = "test.Project-ssrTests";
				PRODUCT_NAME = "$(TARGET_NAME)";
				SWIFT_VERSION = 4.0;
				TARGETED_DEVICE_FAMILY = "1,2";
				TEST_HOST = "$(BUILT_PRODUCTS_DIR)/Project_ssr.app/Project_ssr";
			};
			name = Debug;
		};
		BE0D11E1212A474200D3C2B7 /* Release */ = {
			isa = XCBuildConfiguration;
			baseConfigurationReference = 7573CE0F326771C62F01949C /* Pods-Project_ssrTests.release.xcconfig */;
			buildSettings = {
				ALWAYS_EMBED_SWIFT_STANDARD_LIBRARIES = YES;
				BUNDLE_LOADER = "$(TEST_HOST)";
				CODE_SIGN_STYLE = Automatic;
				INFOPLIST_FILE = Project_ssrTests/Info.plist;
				LD_RUNPATH_SEARCH_PATHS = (
					"$(inherited)",
					"@executable_path/Frameworks",
					"@loader_path/Frameworks",
				);
				PRODUCT_BUNDLE_IDENTIFIER = "test.Project-ssrTests";
				PRODUCT_NAME = "$(TARGET_NAME)";
				SWIFT_VERSION = 4.0;
				TARGETED_DEVICE_FAMILY = "1,2";
				TEST_HOST = "$(BUILT_PRODUCTS_DIR)/Project_ssr.app/Project_ssr";
			};
			name = Release;
		};
		BE0D11E3212A474200D3C2B7 /* Debug */ = {
			isa = XCBuildConfiguration;
			baseConfigurationReference = D7369CBFCEE4D37616210E24 /* Pods-Project_ssrUITests.debug.xcconfig */;
			buildSettings = {
				ALWAYS_EMBED_SWIFT_STANDARD_LIBRARIES = YES;
				CODE_SIGN_STYLE = Automatic;
				INFOPLIST_FILE = Project_ssrUITests/Info.plist;
				LD_RUNPATH_SEARCH_PATHS = (
					"$(inherited)",
					"@executable_path/Frameworks",
					"@loader_path/Frameworks",
				);
				PRODUCT_BUNDLE_IDENTIFIER = "test.Project-ssrUITests";
				PRODUCT_NAME = "$(TARGET_NAME)";
				SWIFT_VERSION = 4.0;
				TARGETED_DEVICE_FAMILY = "1,2";
				TEST_TARGET_NAME = Project_ssr;
			};
			name = Debug;
		};
		BE0D11E4212A474200D3C2B7 /* Release */ = {
			isa = XCBuildConfiguration;
			baseConfigurationReference = C4485755EBD8CC796B680F70 /* Pods-Project_ssrUITests.release.xcconfig */;
			buildSettings = {
				ALWAYS_EMBED_SWIFT_STANDARD_LIBRARIES = YES;
				CODE_SIGN_STYLE = Automatic;
				INFOPLIST_FILE = Project_ssrUITests/Info.plist;
				LD_RUNPATH_SEARCH_PATHS = (
					"$(inherited)",
					"@executable_path/Frameworks",
					"@loader_path/Frameworks",
				);
				PRODUCT_BUNDLE_IDENTIFIER = "test.Project-ssrUITests";
				PRODUCT_NAME = "$(TARGET_NAME)";
				SWIFT_VERSION = 4.0;
				TARGETED_DEVICE_FAMILY = "1,2";
				TEST_TARGET_NAME = Project_ssr;
			};
			name = Release;
		};
/* End XCBuildConfiguration section */

/* Begin XCConfigurationList section */
		BE0D11AF212A474100D3C2B7 /* Build configuration list for PBXProject "Project_ssr" */ = {
			isa = XCConfigurationList;
			buildConfigurations = (
				BE0D11DA212A474200D3C2B7 /* Debug */,
				BE0D11DB212A474200D3C2B7 /* Release */,
			);
			defaultConfigurationIsVisible = 0;
			defaultConfigurationName = Release;
		};
		BE0D11DC212A474200D3C2B7 /* Build configuration list for PBXNativeTarget "Project_ssr" */ = {
			isa = XCConfigurationList;
			buildConfigurations = (
				BE0D11DD212A474200D3C2B7 /* Debug */,
				BE0D11DE212A474200D3C2B7 /* Release */,
			);
			defaultConfigurationIsVisible = 0;
			defaultConfigurationName = Release;
		};
		BE0D11DF212A474200D3C2B7 /* Build configuration list for PBXNativeTarget "Project_ssrTests" */ = {
			isa = XCConfigurationList;
			buildConfigurations = (
				BE0D11E0212A474200D3C2B7 /* Debug */,
				BE0D11E1212A474200D3C2B7 /* Release */,
			);
			defaultConfigurationIsVisible = 0;
			defaultConfigurationName = Release;
		};
		BE0D11E2212A474200D3C2B7 /* Build configuration list for PBXNativeTarget "Project_ssrUITests" */ = {
			isa = XCConfigurationList;
			buildConfigurations = (
				BE0D11E3212A474200D3C2B7 /* Debug */,
				BE0D11E4212A474200D3C2B7 /* Release */,
			);
			defaultConfigurationIsVisible = 0;
			defaultConfigurationName = Release;
		};
/* End XCConfigurationList section */
	};
	rootObject = BE0D11AC212A474100D3C2B7 /* Project object */;
}
